
Microsoft Visual Studio Solution File, Format Version 12.00
# Visual Studio Version 17
VisualStudioVersion = 17.8.34330.188
MinimumVisualStudioVersion = 10.0.40219.1
Project("{9A19103F-16F7-4668-BE54-9A1E7A4F7556}") = "FootballPlayers", "FootballPlayers\FootballPlayers.csproj", "{95CAC65C-3B37-46F0-8E1C-9B10C65B4862}"
EndProject
Global
	GlobalSection(SolutionConfigurationPlatforms) = preSolution
		Debug|Any CPU = Debug|Any CPU
		Release|Any CPU = Release|Any CPU
	EndGlobalSection
	GlobalSection(ProjectConfigurationPlatforms) = postSolution
		{95CAC65C-3B37-46F0-8E1C-9B10C65B4862}.Debug|Any CPU.ActiveCfg = Debug|Any CPU
		{95CAC65C-3B37-46F0-8E1C-9B10C65B4862}.Debug|Any CPU.Build.0 = Debug|Any CPU
		{95CAC65C-3B37-46F0-8E1C-9B10C65B4862}.Release|Any CPU.ActiveCfg = Release|Any CPU
		{95CAC65C-3B37-46F0-8E1C-9B10C65B4862}.Release|Any CPU.Build.0 = Release|Any CPU
	EndGlobalSection
	GlobalSection(SolutionProperties) = preSolution
		HideSolutionNode = FALSE
	EndGlobalSection
	GlobalSection(ExtensibilityGlobals) = postSolution
		SolutionGuid = {6561EF61-CE17-414E-A896-06424BFBA4A4}
	EndGlobalSection
EndGlobal
